{
  "name": "email-script",
  "version": "1.0.0",
  "lockfileVersion": 2,
  "requires": true,
  "packages": {
    "": {
      "version": "1.0.0",
      "license": "ISC",
      "dependencies": {
        "nodemailer": "^6.6.3"
      }
    },
    "node_modules/nodemailer": {
      "version": "6.6.3",
      "resolved": "https://registry.npmjs.org/nodemailer/-/nodemailer-6.6.3.tgz",
      "integrity": "sha512-faZFufgTMrphYoDjvyVpbpJcYzwyFnbAMmQtj1lVBYAUSm3SOy2fIdd9+Mr4UxPosBa0JRw9bJoIwQn+nswiew==",
      "engines": {
        "node": ">=6.0.0"
      }
    }
  },
  "dependencies": {
    "nodemailer": {
      "version": "6.6.3",
      "resolved": "https://registry.npmjs.org/nodemailer/-/nodemailer-6.6.3.tgz",
      "integrity": "sha512-faZFufgTMrphYoDjvyVpbpJcYzwyFnbAMmQtj1lVBYAUSm3SOy2fIdd9+Mr4UxPosBa0JRw9bJoIwQn+nswiew=="
    }
  }
}
